hash: f40931af827e0160a18f3a7f68b9001e572d8ba321fd537e3f45af2a5ef2e449
updated: 2018-08-27T12:27:55.57460374+02:00
imports:
- name: github.com/hashicorp/serf
  version: d6574a5bb1226678d7010325fb6c985db20ee458
  subpackages:
  - serf
- name: github.com/miekg/dns
  version: cce6c130cdb92c752850880fd285bea1d64439dd
- name: github.com/noroutine/bonjour
  version: 1d3deabcd33a0ad90ada8502a517d818575859b2
- name: github.com/noroutine/dominion
  version: f445089be7b6b9d98e4d1b8eaa03dbafe2799d48
  subpackages:
  - cluster
  - fsa
- name: github.com/noroutine/go-cli
  version: dca41d661d2082dfa07bb53588781ca5f7c70b52
- name: github.com/noroutine/go-readline
  version: 03db8e3d37c9f90fc484b30d943968de7fe1e5fd
- name: github.com/reusee/mmh3
  version: 64b85163255bbb6af4f0d0eab61ecdda7ea7cd96
- name: golang.org/x/net
  version: 0ed95abb35c445290478a5348a7b38bb154135fd
  subpackages:
  - bpf
  - internal/iana
  - internal/socket
  - ipv4
  - ipv6
testImports: []
